
Microsoft Visual Studio Solution File, Format Version 12.00
# Visual Studio Version 17
VisualStudioVersion = 17.7.34031.279
MinimumVisualStudioVersion = 10.0.40219.1
Project("{FAE04EC0-301F-11D3-BF4B-00C04F79EFBC}") = "Buoi_1_OnTapOOP", "Buoi_1_OnTapOOP\Buoi_1_OnTapOOP.csproj", "{A3F30C44-0BE4-4B4C-BCCA-186BFA098BB6}"
EndProject
Project("{FAE04EC0-301F-11D3-BF4B-00C04F79EFBC}") = "OnTap_Buoi1_DeThi", "OnTap_Buoi1_DeThi\OnTap_Buoi1_DeThi.csproj", "{D4784828-15B9-4CB6-810C-13CFAF7E09E3}"
EndProject
Global
	GlobalSection(SolutionConfigurationPlatforms) = preSolution
		Debug|Any CPU = Debug|Any CPU
		Release|Any CPU = Release|Any CPU
	EndGlobalSection
	GlobalSection(ProjectConfigurationPlatforms) = postSolution
		{A3F30C44-0BE4-4B4C-BCCA-186BFA098BB6}.Debug|Any CPU.ActiveCfg = Debug|Any CPU
		{A3F30C44-0BE4-4B4C-BCCA-186BFA098BB6}.Debug|Any CPU.Build.0 = Debug|Any CPU
		{A3F30C44-0BE4-4B4C-BCCA-186BFA098BB6}.Release|Any CPU.ActiveCfg = Release|Any CPU
		{A3F30C44-0BE4-4B4C-BCCA-186BFA098BB6}.Release|Any CPU.Build.0 = Release|Any CPU
		{D4784828-15B9-4CB6-810C-13CFAF7E09E3}.Debug|Any CPU.ActiveCfg = Debug|Any CPU
		{D4784828-15B9-4CB6-810C-13CFAF7E09E3}.Debug|Any CPU.Build.0 = Debug|Any CPU
		{D4784828-15B9-4CB6-810C-13CFAF7E09E3}.Release|Any CPU.ActiveCfg = Release|Any CPU
		{D4784828-15B9-4CB6-810C-13CFAF7E09E3}.Release|Any CPU.Build.0 = Release|Any CPU
	EndGlobalSection
	GlobalSection(SolutionProperties) = preSolution
		HideSolutionNode = FALSE
	EndGlobalSection
	GlobalSection(ExtensibilityGlobals) = postSolution
		SolutionGuid = {3729F699-0045-4684-8F59-77E801F27C41}
	EndGlobalSection
EndGlobal
