
Microsoft Visual Studio Solution File, Format Version 12.00
# Visual Studio Version 17
VisualStudioVersion = 17.7.34031.279
MinimumVisualStudioVersion = 10.0.40219.1
Project("{FAE04EC0-301F-11D3-BF4B-00C04F79EFBC}") = "Buoi_1_OnTapOOP", "Buoi_1_OnTapOOP\Buoi_1_OnTapOOP.csproj", "{A3F30C44-0BE4-4B4C-BCCA-186BFA098BB6}"
EndProject
Project("{FAE04EC0-301F-11D3-BF4B-00C04F79EFBC}") = "OnTap_Buoi1_DeThi", "OnTap_Buoi1_DeThi\OnTap_Buoi1_DeThi.csproj", "{D4784828-15B9-4CB6-810C-13CFAF7E09E3}"
EndProject
Project("{FAE04EC0-301F-11D3-BF4B-00C04F79EFBC}") = "Buoi_2_Delegate_generic_anonymous", "Buoi_2_Delegate_generic_anonymous\Buoi_2_Delegate_generic_anonymous.csproj", "{1C413FAB-8D26-4CE5-A1FC-C2DDD12EB616}"
EndProject
Project("{FAE04EC0-301F-11D3-BF4B-00C04F79EFBC}") = "Buoi_3_Doc_ghi_File_Text", "Buoi_3_Doc_ghi_File_Text\Buoi_3_Doc_ghi_File_Text.csproj", "{C342FFA5-17D8-4697-9B24-5D0B1D263607}"
EndProject
Project("{FAE04EC0-301F-11D3-BF4B-00C04F79EFBC}") = "Buoi_3_Thuc_hanh", "Buoi_3_Thuc_hanh\Buoi_3_Thuc_hanh.csproj", "{AEB14DFB-B156-46FD-925C-004FC29E5034}"
EndProject
Project("{FAE04EC0-301F-11D3-BF4B-00C04F79EFBC}") = "Buoi_3_Regex_co_ban", "Buoi_3_Regex_co_ban\Buoi_3_Regex_co_ban.csproj", "{17C41C6A-AA1E-4657-8894-1EF3B6B670D1}"
EndProject
Project("{FAE04EC0-301F-11D3-BF4B-00C04F79EFBC}") = "Buoi_4_LinQ_LamDa", "Buoi_4_LinQ_LamDa\Buoi_4_LinQ_LamDa.csproj", "{89C552D1-7AE0-456F-923F-8505DB6F25BA}"
EndProject
Project("{FAE04EC0-301F-11D3-BF4B-00C04F79EFBC}") = "Buoi_4_Thuc_hang", "Buoi_4_Thuc_hang\Buoi_4_Thuc_hang.csproj", "{DB2447DC-2564-4AF6-9D54-13BF2E3FAAC7}"
EndProject
Project("{FAE04EC0-301F-11D3-BF4B-00C04F79EFBC}") = "Buoi_5_Demo_De_thi", "Buoi_5_Demo_De_thi\Buoi_5_Demo_De_thi.csproj", "{A171E3C7-EAE9-4E11-AC14-574497E38CD3}"
EndProject
Project("{FAE04EC0-301F-11D3-BF4B-00C04F79EFBC}") = "Buoi_5_Tong_hop", "Buoi_5_Tong_hop\Buoi_5_Tong_hop.csproj", "{D073F7DE-AA16-4E98-BE29-7AE40FC08978}"
EndProject
Global
	GlobalSection(SolutionConfigurationPlatforms) = preSolution
		Debug|Any CPU = Debug|Any CPU
		Release|Any CPU = Release|Any CPU
	EndGlobalSection
	GlobalSection(ProjectConfigurationPlatforms) = postSolution
		{A3F30C44-0BE4-4B4C-BCCA-186BFA098BB6}.Debug|Any CPU.ActiveCfg = Debug|Any CPU
		{A3F30C44-0BE4-4B4C-BCCA-186BFA098BB6}.Debug|Any CPU.Build.0 = Debug|Any CPU
		{A3F30C44-0BE4-4B4C-BCCA-186BFA098BB6}.Release|Any CPU.ActiveCfg = Release|Any CPU
		{A3F30C44-0BE4-4B4C-BCCA-186BFA098BB6}.Release|Any CPU.Build.0 = Release|Any CPU
		{D4784828-15B9-4CB6-810C-13CFAF7E09E3}.Debug|Any CPU.ActiveCfg = Debug|Any CPU
		{D4784828-15B9-4CB6-810C-13CFAF7E09E3}.Debug|Any CPU.Build.0 = Debug|Any CPU
		{D4784828-15B9-4CB6-810C-13CFAF7E09E3}.Release|Any CPU.ActiveCfg = Release|Any CPU
		{D4784828-15B9-4CB6-810C-13CFAF7E09E3}.Release|Any CPU.Build.0 = Release|Any CPU
		{1C413FAB-8D26-4CE5-A1FC-C2DDD12EB616}.Debug|Any CPU.ActiveCfg = Debug|Any CPU
		{1C413FAB-8D26-4CE5-A1FC-C2DDD12EB616}.Debug|Any CPU.Build.0 = Debug|Any CPU
		{1C413FAB-8D26-4CE5-A1FC-C2DDD12EB616}.Release|Any CPU.ActiveCfg = Release|Any CPU
		{1C413FAB-8D26-4CE5-A1FC-C2DDD12EB616}.Release|Any CPU.Build.0 = Release|Any CPU
		{C342FFA5-17D8-4697-9B24-5D0B1D263607}.Debug|Any CPU.ActiveCfg = Debug|Any CPU
		{C342FFA5-17D8-4697-9B24-5D0B1D263607}.Debug|Any CPU.Build.0 = Debug|Any CPU
		{C342FFA5-17D8-4697-9B24-5D0B1D263607}.Release|Any CPU.ActiveCfg = Release|Any CPU
		{C342FFA5-17D8-4697-9B24-5D0B1D263607}.Release|Any CPU.Build.0 = Release|Any CPU
		{AEB14DFB-B156-46FD-925C-004FC29E5034}.Debug|Any CPU.ActiveCfg = Debug|Any CPU
		{AEB14DFB-B156-46FD-925C-004FC29E5034}.Debug|Any CPU.Build.0 = Debug|Any CPU
		{AEB14DFB-B156-46FD-925C-004FC29E5034}.Release|Any CPU.ActiveCfg = Release|Any CPU
		{AEB14DFB-B156-46FD-925C-004FC29E5034}.Release|Any CPU.Build.0 = Release|Any CPU
		{17C41C6A-AA1E-4657-8894-1EF3B6B670D1}.Debug|Any CPU.ActiveCfg = Debug|Any CPU
		{17C41C6A-AA1E-4657-8894-1EF3B6B670D1}.Debug|Any CPU.Build.0 = Debug|Any CPU
		{17C41C6A-AA1E-4657-8894-1EF3B6B670D1}.Release|Any CPU.ActiveCfg = Release|Any CPU
		{17C41C6A-AA1E-4657-8894-1EF3B6B670D1}.Release|Any CPU.Build.0 = Release|Any CPU
		{89C552D1-7AE0-456F-923F-8505DB6F25BA}.Debug|Any CPU.ActiveCfg = Debug|Any CPU
		{89C552D1-7AE0-456F-923F-8505DB6F25BA}.Debug|Any CPU.Build.0 = Debug|Any CPU
		{89C552D1-7AE0-456F-923F-8505DB6F25BA}.Release|Any CPU.ActiveCfg = Release|Any CPU
		{89C552D1-7AE0-456F-923F-8505DB6F25BA}.Release|Any CPU.Build.0 = Release|Any CPU
		{DB2447DC-2564-4AF6-9D54-13BF2E3FAAC7}.Debug|Any CPU.ActiveCfg = Debug|Any CPU
		{DB2447DC-2564-4AF6-9D54-13BF2E3FAAC7}.Debug|Any CPU.Build.0 = Debug|Any CPU
		{DB2447DC-2564-4AF6-9D54-13BF2E3FAAC7}.Release|Any CPU.ActiveCfg = Release|Any CPU
		{DB2447DC-2564-4AF6-9D54-13BF2E3FAAC7}.Release|Any CPU.Build.0 = Release|Any CPU
		{A171E3C7-EAE9-4E11-AC14-574497E38CD3}.Debug|Any CPU.ActiveCfg = Debug|Any CPU
		{A171E3C7-EAE9-4E11-AC14-574497E38CD3}.Debug|Any CPU.Build.0 = Debug|Any CPU
		{A171E3C7-EAE9-4E11-AC14-574497E38CD3}.Release|Any CPU.ActiveCfg = Release|Any CPU
		{A171E3C7-EAE9-4E11-AC14-574497E38CD3}.Release|Any CPU.Build.0 = Release|Any CPU
		{D073F7DE-AA16-4E98-BE29-7AE40FC08978}.Debug|Any CPU.ActiveCfg = Debug|Any CPU
		{D073F7DE-AA16-4E98-BE29-7AE40FC08978}.Debug|Any CPU.Build.0 = Debug|Any CPU
		{D073F7DE-AA16-4E98-BE29-7AE40FC08978}.Release|Any CPU.ActiveCfg = Release|Any CPU
		{D073F7DE-AA16-4E98-BE29-7AE40FC08978}.Release|Any CPU.Build.0 = Release|Any CPU
	EndGlobalSection
	GlobalSection(SolutionProperties) = preSolution
		HideSolutionNode = FALSE
	EndGlobalSection
	GlobalSection(ExtensibilityGlobals) = postSolution
		SolutionGuid = {3729F699-0045-4684-8F59-77E801F27C41}
	EndGlobalSection
EndGlobal
